
Microsoft Visual Studio Solution File, Format Version 11.00
# Visual Studio 2010
Project("{FAE04EC0-301F-11D3-BF4B-00C04F79EFBC}") = "XineNet Desktop", "XineNet Desktop\XineNet Desktop.csproj", "{A79DA1F3-F4BB-4427-AEEC-DBBAD58C4F7D}"
EndProject
Project("{54435603-DBB4-11D2-8724-00A0C9A8B90C}") = "XDN Setup", "XDN Setup\XDN Setup.vdproj", "{0A364799-C927-4692-8B11-76A5074B3051}"
EndProject
Global
	GlobalSection(SolutionConfigurationPlatforms) = preSolution
		Debug|x86 = Debug|x86
		Release|x86 = Release|x86
	EndGlobalSection
	GlobalSection(ProjectConfigurationPlatforms) = postSolution
		{A79DA1F3-F4BB-4427-AEEC-DBBAD58C4F7D}.Debug|x86.ActiveCfg = Debug|x86
		{A79DA1F3-F4BB-4427-AEEC-DBBAD58C4F7D}.Debug|x86.Build.0 = Debug|x86
		{A79DA1F3-F4BB-4427-AEEC-DBBAD58C4F7D}.Release|x86.ActiveCfg = Release|x86
		{A79DA1F3-F4BB-4427-AEEC-DBBAD58C4F7D}.Release|x86.Build.0 = Release|x86
		{0A364799-C927-4692-8B11-76A5074B3051}.Debug|x86.ActiveCfg = Debug
		{0A364799-C927-4692-8B11-76A5074B3051}.Release|x86.ActiveCfg = Release
	EndGlobalSection
	GlobalSection(SolutionProperties) = preSolution
		HideSolutionNode = FALSE
	EndGlobalSection
EndGlobal
